
Microsoft Visual Studio Solution File, Format Version 12.00
# Visual Studio Version 17
VisualStudioVersion = 17.14.36221.1 d17.14
MinimumVisualStudioVersion = 10.0.40219.1
Project("{FAE04EC0-301F-11D3-BF4B-00C04F79EFBC}") = "XOgame", "XOgame\XOgame.csproj", "{80FFA266-C13E-4729-91EB-EA6AABB74162}"
EndProject
Global
	GlobalSection(SolutionConfigurationPlatforms) = preSolution
		Debug|Any CPU = Debug|Any CPU
		Release|Any CPU = Release|Any CPU
	EndGlobalSection
	GlobalSection(ProjectConfigurationPlatforms) = postSolution
		{80FFA266-C13E-4729-91EB-EA6AABB74162}.Debug|Any CPU.ActiveCfg = Debug|Any CPU
		{80FFA266-C13E-4729-91EB-EA6AABB74162}.Debug|Any CPU.Build.0 = Debug|Any CPU
		{80FFA266-C13E-4729-91EB-EA6AABB74162}.Release|Any CPU.ActiveCfg = Release|Any CPU
		{80FFA266-C13E-4729-91EB-EA6AABB74162}.Release|Any CPU.Build.0 = Release|Any CPU
	EndGlobalSection
	GlobalSection(SolutionProperties) = preSolution
		HideSolutionNode = FALSE
	EndGlobalSection
	GlobalSection(ExtensibilityGlobals) = postSolution
		SolutionGuid = {5A375290-5234-4650-A888-495EEBF43442}
	EndGlobalSection
EndGlobal
